
Microsoft Visual Studio Solution File, Format Version 12.00
# Visual Studio Version 16
VisualStudioVersion = 16.0.28922.388
MinimumVisualStudioVersion = 10.0.40219.1
Project("{FAE04EC0-301F-11D3-BF4B-00C04F79EFBC}") = "Sorting", "Sorting\Sorting.csproj", "{C24CFAEA-A341-4CB3-B4BD-3D10101049F7}"
EndProject
Project("{FAE04EC0-301F-11D3-BF4B-00C04F79EFBC}") = "Tests", "Tests\Tests.csproj", "{57A12628-D396-4158-8624-279EB2697878}"
EndProject
Global
	GlobalSection(SolutionConfigurationPlatforms) = preSolution
		Debug|Any CPU = Debug|Any CPU
		Release|Any CPU = Release|Any CPU
	EndGlobalSection
	GlobalSection(ProjectConfigurationPlatforms) = postSolution
		{C24CFAEA-A341-4CB3-B4BD-3D10101049F7}.Debug|Any CPU.ActiveCfg = Debug|Any CPU
		{C24CFAEA-A341-4CB3-B4BD-3D10101049F7}.Debug|Any CPU.Build.0 = Debug|Any CPU
		{C24CFAEA-A341-4CB3-B4BD-3D10101049F7}.Release|Any CPU.ActiveCfg = Release|Any CPU
		{C24CFAEA-A341-4CB3-B4BD-3D10101049F7}.Release|Any CPU.Build.0 = Release|Any CPU
		{57A12628-D396-4158-8624-279EB2697878}.Debug|Any CPU.ActiveCfg = Debug|Any CPU
		{57A12628-D396-4158-8624-279EB2697878}.Debug|Any CPU.Build.0 = Debug|Any CPU
		{57A12628-D396-4158-8624-279EB2697878}.Release|Any CPU.ActiveCfg = Release|Any CPU
		{57A12628-D396-4158-8624-279EB2697878}.Release|Any CPU.Build.0 = Release|Any CPU
	EndGlobalSection
	GlobalSection(SolutionProperties) = preSolution
		HideSolutionNode = FALSE
	EndGlobalSection
	GlobalSection(ExtensibilityGlobals) = postSolution
		SolutionGuid = {E157F2FA-9E4A-4353-B2A1-77764608B2B8}
	EndGlobalSection
EndGlobal
